<?xml version="1.0" encoding="utf-8"?>
<Project ToolsVersion="4.0" xmlns="http://schemas.microsoft.com/developer/msbuild/2003">
  <ItemGroup>
    <Filter Include="win32">
      <UniqueIdentifier>{84a8ebd7-7cf0-47f6-b75e-d441df67da40}</UniqueIdentifier>
    </Filter>
    <Filter Include="resource">
      <UniqueIdentifier>{715254bc-d70b-4ec5-bf29-467dd3ace079}</UniqueIdentifier>
    </Filter>
    <Filter Include="src">
      <UniqueIdentifier>{bb6c862e-70e9-49d9-81b7-3829a6f50471}</UniqueIdentifier>
    </Filter>
    <Filter Include="src\local">
      <UniqueIdentifier>{83d661fa-3119-4956-a817-e9084718d7d2}</UniqueIdentifier>
    </Filter>
    <Filter Include="src\leaderboard">
      <UniqueIdentifier>{21dc744a-cc5e-4f59-b85c-14dd2e0ba821}</UniqueIdentifier>
    </Filter>
  </ItemGroup>
  <ItemGroup>
    <ClCompile Include="main.cpp">
      <Filter>win32</Filter>
    </ClCompile>
    <ClCompile Include="..\Classes\ActivityBag.cpp">
      <Filter>src</Filter>
    </ClCompile>
    <ClCompile Include="..\Classes\AppDelegate.cpp">
      <Filter>src</Filter>
    </ClCompile>
    <ClCompile Include="..\Classes\ChangeColorBar.cpp">
      <Filter>src</Filter>
    </ClCompile>
    <ClCompile Include="..\Classes\FailureUI.cpp">
      <Filter>src</Filter>
    </ClCompile>
    <ClCompile Include="..\Classes\GameData.cpp">
      <Filter>src</Filter>
    </ClCompile>
    <ClCompile Include="..\Classes\GameEndAnim.cpp">
      <Filter>src</Filter>
    </ClCompile>
    <ClCompile Include="..\Classes\GameEndMessageUI.cpp">
      <Filter>src</Filter>
    </ClCompile>
    <ClCompile Include="..\Classes\GameLevel.cpp">
      <Filter>src</Filter>
    </ClCompile>
    <ClCompile Include="..\Classes\GameMessageUI.cpp">
      <Filter>src</Filter>
    </ClCompile>
    <ClCompile Include="..\Classes\GoodEffect.cpp">
      <Filter>src</Filter>
    </ClCompile>
    <ClCompile Include="..\Classes\HelloWorldScene.cpp">
      <Filter>src</Filter>
    </ClCompile>
    <ClCompile Include="..\Classes\HelpUI.cpp">
      <Filter>src</Filter>
    </ClCompile>
    <ClCompile Include="..\Classes\LocalUtil.cpp">
      <Filter>src</Filter>
    </ClCompile>
    <ClCompile Include="..\Classes\MyGame.cpp">
      <Filter>src</Filter>
    </ClCompile>
    <ClCompile Include="..\Classes\MysteryPrizeBag.cpp">
      <Filter>src</Filter>
    </ClCompile>
    <ClCompile Include="..\Classes\NoviceBag.cpp">
      <Filter>src</Filter>
    </ClCompile>
    <ClCompile Include="..\Classes\PauseUI.cpp">
      <Filter>src</Filter>
    </ClCompile>
    <ClCompile Include="..\Classes\PropUI.cpp">
      <Filter>src</Filter>
    </ClCompile>
    <ClCompile Include="..\Classes\RandomArr.cpp">
      <Filter>src</Filter>
    </ClCompile>
    <ClCompile Include="..\Classes\ReceiveBag.cpp">
      <Filter>src</Filter>
    </ClCompile>
    <ClCompile Include="..\Classes\ScoreAnim.cpp">
      <Filter>src</Filter>
    </ClCompile>
    <ClCompile Include="..\Classes\ScreenText.cpp">
      <Filter>src</Filter>
    </ClCompile>
    <ClCompile Include="..\Classes\Shop.cpp">
      <Filter>src</Filter>
    </ClCompile>
    <ClCompile Include="..\Classes\Star.cpp">
      <Filter>src</Filter>
    </ClCompile>
    <ClCompile Include="..\Classes\StarManager.cpp">
      <Filter>src</Filter>
    </ClCompile>
    <ClCompile Include="..\Classes\StarsBoard.cpp">
      <Filter>src</Filter>
    </ClCompile>
    <ClCompile Include="..\Classes\StarsPosition.cpp">
      <Filter>src</Filter>
    </ClCompile>
    <ClCompile Include="..\Classes\StartAnim.cpp">
      <Filter>src</Filter>
    </ClCompile>
    <ClCompile Include="..\Classes\Title.cpp">
      <Filter>src</Filter>
    </ClCompile>
    <ClCompile Include="..\Classes\TrademarkAnimation.cpp">
      <Filter>src</Filter>
    </ClCompile>
    <ClCompile Include="..\Classes\WantContinueUI.cpp">
      <Filter>src</Filter>
    </ClCompile>
  </ItemGroup>
  <ItemGroup>
    <ClInclude Include="main.h">
      <Filter>win32</Filter>
    </ClInclude>
    <ClInclude Include="..\Classes\ActivityBag.h">
      <Filter>src</Filter>
    </ClInclude>
    <ClInclude Include="..\Classes\AppDelegate.h">
      <Filter>src</Filter>
    </ClInclude>
    <ClInclude Include="..\Classes\ChangeColorBar.h">
      <Filter>src</Filter>
    </ClInclude>
    <ClInclude Include="..\Classes\FailureUI.h">
      <Filter>src</Filter>
    </ClInclude>
    <ClInclude Include="..\Classes\GameData.h">
      <Filter>src</Filter>
    </ClInclude>
    <ClInclude Include="..\Classes\GameEndAnim.h">
      <Filter>src</Filter>
    </ClInclude>
    <ClInclude Include="..\Classes\GameEndMessageUI.h">
      <Filter>src</Filter>
    </ClInclude>
    <ClInclude Include="..\Classes\GameLevel.h">
      <Filter>src</Filter>
    </ClInclude>
    <ClInclude Include="..\Classes\GameMessageUI.h">
      <Filter>src</Filter>
    </ClInclude>
    <ClInclude Include="..\Classes\GoodEffect.h">
      <Filter>src</Filter>
    </ClInclude>
    <ClInclude Include="..\Classes\HelloWorldScene.h">
      <Filter>src</Filter>
    </ClInclude>
    <ClInclude Include="..\Classes\HelpUI.h">
      <Filter>src</Filter>
    </ClInclude>
    <ClInclude Include="..\Classes\LocalUtil.h">
      <Filter>src</Filter>
    </ClInclude>
    <ClInclude Include="..\Classes\MyGame.h">
      <Filter>src</Filter>
    </ClInclude>
    <ClInclude Include="..\Classes\MysteryPrizeBag.h">
      <Filter>src</Filter>
    </ClInclude>
    <ClInclude Include="..\Classes\NoviceBag.h">
      <Filter>src</Filter>
    </ClInclude>
    <ClInclude Include="..\Classes\PauseUI.h">
      <Filter>src</Filter>
    </ClInclude>
    <ClInclude Include="..\Classes\PropUI.h">
      <Filter>src</Filter>
    </ClInclude>
    <ClInclude Include="..\Classes\RandomArr.h">
      <Filter>src</Filter>
    </ClInclude>
    <ClInclude Include="..\Classes\ReceiveBag.h">
      <Filter>src</Filter>
    </ClInclude>
    <ClInclude Include="..\Classes\ScoreAnim.h">
      <Filter>src</Filter>
    </ClInclude>
    <ClInclude Include="..\Classes\ScreenText.h">
      <Filter>src</Filter>
    </ClInclude>
    <ClInclude Include="..\Classes\Shop.h">
      <Filter>src</Filter>
    </ClInclude>
    <ClInclude Include="..\Classes\Star.h">
      <Filter>src</Filter>
    </ClInclude>
    <ClInclude Include="..\Classes\StarManager.h">
      <Filter>src</Filter>
    </ClInclude>
    <ClInclude Include="..\Classes\StarsBoard.h">
      <Filter>src</Filter>
    </ClInclude>
    <ClInclude Include="..\Classes\StarsPosition.h">
      <Filter>src</Filter>
    </ClInclude>
    <ClInclude Include="..\Classes\StartAnim.h">
      <Filter>src</Filter>
    </ClInclude>
    <ClInclude Include="..\Classes\Title.h">
      <Filter>src</Filter>
    </ClInclude>
    <ClInclude Include="..\Classes\TrademarkAnimation.h">
      <Filter>src</Filter>
    </ClInclude>
    <ClInclude Include="..\Classes\WantContinueUI.h">
      <Filter>src</Filter>
    </ClInclude>
    <ClInclude Include="..\Classes\local\IosLocalUtil.h">
      <Filter>src\local</Filter>
    </ClInclude>
    <ClInclude Include="..\Classes\leaderboard\Leaderboard.h">
      <Filter>src\leaderboard</Filter>
    </ClInclude>
  </ItemGroup>
  <ItemGroup>
    <ResourceCompile Include="game.rc">
      <Filter>resource</Filter>
    </ResourceCompile>
  </ItemGroup>
  <ItemGroup>
    <None Include="..\Classes\local\IosLocalUtil.mm">
      <Filter>src\local</Filter>
    </None>
    <None Include="..\Classes\leaderboard\Leaderboard.mm">
      <Filter>src\leaderboard</Filter>
    </None>
  </ItemGroup>
</Project>